<?xml version="1.0" encoding="utf-8"?>
<Project ToolsVersion="4.0" xmlns="http://schemas.microsoft.com/developer/msbuild/2003">
  <ItemGroup>
    <Filter Include="Source Files">
      <UniqueIdentifier>{4FC737F1-C7A5-4376-A066-2A32D752A2FF}</UniqueIdentifier>
      <Extensions>cpp;c;cc;cxx;c++;cppm;ixx;def;odl;idl;hpj;bat;asm;asmx</Extensions>
    </Filter>
    <Filter Include="Header Files">
      <UniqueIdentifier>{93995380-89BD-4b04-88EB-625FBE52EBFB}</UniqueIdentifier>
      <Extensions>h;hh;hpp;hxx;h++;hm;inl;inc;ipp;xsd</Extensions>
    </Filter>
    <Filter Include="Resource Files">
      <UniqueIdentifier>{67DA6AB6-F800-4c08-8B7A-83BB121AAD01}</UniqueIdentifier>
      <Extensions>rc;ico;cur;bmp;dlg;rc2;rct;bin;rgs;gif;jpg;jpeg;jpe;resx;tiff;tif;png;wav;mfcribbon-ms</Extensions>
    </Filter>
  </ItemGroup>
  <ItemGroup>
    <ClCompile Include="main.cpp">
      <Filter>Source Files</Filter>
    </ClCompile>
    <ClCompile Include="Menu.h">
      <Filter>Header Files</Filter>
    </ClCompile>
    <ClCompile Include="PlayerSelect.h">
      <Filter>Header Files</Filter>
    </ClCompile>
    <ClCompile Include="Knife.h">
      <Filter>Header Files</Filter>
    </ClCompile>
    <ClCompile Include="FlameProjectile.cpp">
      <Filter>Source Files</Filter>
    </ClCompile>
  </ItemGroup>
  <ItemGroup>
    <ClInclude Include="PerlinNoise.h">
      <Filter>Header Files</Filter>
    </ClInclude>
    <ClInclude Include="InfiniteMap.h">
      <Filter>Header Files</Filter>
    </ClInclude>
    <ClInclude Include="Entity.h">
      <Filter>Header Files</Filter>
    </ClInclude>
    <ClInclude Include="Tile.h">
      <Filter>Header Files</Filter>
    </ClInclude>
    <ClInclude Include="Camera.h">
      <Filter>Header Files</Filter>
    </ClInclude>
    <ClInclude Include="World.h">
      <Filter>Header Files</Filter>
    </ClInclude>
    <ClInclude Include="Player.h">
      <Filter>Header Files</Filter>
    </ClInclude>
    <ClInclude Include="Marco.h">
      <Filter>Header Files</Filter>
    </ClInclude>
    <ClInclude Include="Tarma.h">
      <Filter>Header Files</Filter>
    </ClInclude>
    <ClInclude Include="Eri.h">
      <Filter>Header Files</Filter>
    </ClInclude>
    <ClInclude Include="Bullet.h">
      <Filter>Header Files</Filter>
    </ClInclude>
    <ClInclude Include="BazookaSoldier.h">
      <Filter>Header Files</Filter>
    </ClInclude>
    <ClInclude Include="Enemy.h">
      <Filter>Header Files</Filter>
    </ClInclude>
    <ClInclude Include="Fio.h">
      <Filter>Header Files</Filter>
    </ClInclude>
    <ClInclude Include="GrenadeSoldier.h">
      <Filter>Header Files</Filter>
    </ClInclude>
    <ClInclude Include="Infantry.h">
      <Filter>Header Files</Filter>
    </ClInclude>
    <ClInclude Include="RebelSoldier.h">
      <Filter>Header Files</Filter>
    </ClInclude>
    <ClInclude Include="ShieldedSoldier.h">
      <Filter>Header Files</Filter>
    </ClInclude>
    <ClInclude Include="Weapon.h">
      <Filter>Header Files</Filter>
    </ClInclude>
    <ClInclude Include="Pistol.h">
      <Filter>Header Files</Filter>
    </ClInclude>
    <ClInclude Include="HeavyMachineGun.h">
      <Filter>Header Files</Filter>
    </ClInclude>
    <ClInclude Include="RocketLauncher.h">
      <Filter>Header Files</Filter>
    </ClInclude>
    <ClInclude Include="FireArm.h">
      <Filter>Header Files</Filter>
    </ClInclude>
    <ClInclude Include="FlameShot.h">
      <Filter>Header Files</Filter>
    </ClInclude>
    <ClInclude Include="LaserGun.h">
      <Filter>Header Files</Filter>
    </ClInclude>
    <ClInclude Include="BallisticProjectile.h">
      <Filter>Header Files</Filter>
    </ClInclude>
    <ClInclude Include="FireBombProjectile.h">
      <Filter>Header Files</Filter>
    </ClInclude>
    <ClInclude Include="FlameProjectile.h">
      <Filter>Header Files</Filter>
    </ClInclude>
    <ClInclude Include="HandGrenadeProjectile.h">
      <Filter>Header Files</Filter>
    </ClInclude>
    <ClInclude Include="LaserProjectile.h">
      <Filter>Header Files</Filter>
    </ClInclude>
    <ClInclude Include="Projectile.h">
      <Filter>Header Files</Filter>
    </ClInclude>
    <ClInclude Include="RocketProjectile.h">
      <Filter>Header Files</Filter>
    </ClInclude>
    <ClInclude Include="StraightProjectile.h">
      <Filter>Header Files</Filter>
    </ClInclude>
    <ClInclude Include="GroundVehicle.h">
      <Filter>Header Files</Filter>
    </ClInclude>
    <ClInclude Include="AerialVehicle.h">
      <Filter>Header Files</Filter>
    </ClInclude>
    <ClInclude Include="AquaticVehicle.h">
      <Filter>Header Files</Filter>
    </ClInclude>
    <ClInclude Include="FlyingTara.h">
      <Filter>Header Files</Filter>
    </ClInclude>
    <ClInclude Include="Bradley.h">
      <Filter>Header Files</Filter>
    </ClInclude>
    <ClInclude Include="EnemySub.h">
      <Filter>Header Files</Filter>
    </ClInclude>
    <ClInclude Include="Vehicle.h">
      <Filter>Header Files</Filter>
    </ClInclude>
    <ClInclude Include="DamageState.h">
      <Filter>Header Files</Filter>
    </ClInclude>
    <ClInclude Include="VehicleRider.h">
      <Filter>Header Files</Filter>
    </ClInclude>
    <ClInclude Include="Vehiclesync.h">
      <Filter>Header Files</Filter>
    </ClInclude>
    <ClInclude Include="HUD.h">
      <Filter>Header Files</Filter>
    </ClInclude>
    <ClInclude Include="Damagesystem.h">
      <Filter>Header Files</Filter>
    </ClInclude>
    <ClInclude Include="Alien.h">
      <Filter>Header Files</Filter>
    </ClInclude>
    <ClInclude Include="Martian.h">
      <Filter>Header Files</Filter>
    </ClInclude>
    <ClInclude Include="MummyWarrior.h">
      <Filter>Header Files</Filter>
    </ClInclude>
    <ClInclude Include="Paratrooper.h">
      <Filter>Header Files</Filter>
    </ClInclude>
    <ClInclude Include="Undead.h">
      <Filter>Header Files</Filter>
    </ClInclude>
    <ClInclude Include="Zombie.h">
      <Filter>Header Files</Filter>
    </ClInclude>
  </ItemGroup>
</Project>